
Microsoft Visual Studio Solution File, Format Version 12.00
# Visual Studio 15
VisualStudioVersion = 15.0.28010.2046
MinimumVisualStudioVersion = 10.0.40219.1
Project("{FAE04EC0-301F-11D3-BF4B-00C04F79EFBC}") = "ArrayExercise3", "ArrayExercise3\ArrayExercise3.csproj", "{FE633061-D21F-4565-BB58-C3D5E530A4BE}"
EndProject
Global
	GlobalSection(SolutionConfigurationPlatforms) = preSolution
		Debug|Any CPU = Debug|Any CPU
		Release|Any CPU = Release|Any CPU
	EndGlobalSection
	GlobalSection(ProjectConfigurationPlatforms) = postSolution
		{FE633061-D21F-4565-BB58-C3D5E530A4BE}.Debug|Any CPU.ActiveCfg = Debug|Any CPU
		{FE633061-D21F-4565-BB58-C3D5E530A4BE}.Debug|Any CPU.Build.0 = Debug|Any CPU
		{FE633061-D21F-4565-BB58-C3D5E530A4BE}.Release|Any CPU.ActiveCfg = Release|Any CPU
		{FE633061-D21F-4565-BB58-C3D5E530A4BE}.Release|Any CPU.Build.0 = Release|Any CPU
	EndGlobalSection
	GlobalSection(SolutionProperties) = preSolution
		HideSolutionNode = FALSE
	EndGlobalSection
	GlobalSection(ExtensibilityGlobals) = postSolution
		SolutionGuid = {CFF4402B-909F-454A-BA6B-DD661E90D49B}
	EndGlobalSection
EndGlobal
